
Microsoft Visual Studio Solution File, Format Version 12.00
# Visual Studio Version 17
VisualStudioVersion = 17.6.33829.357
MinimumVisualStudioVersion = 10.0.40219.1
Project("{FAE04EC0-301F-11D3-BF4B-00C04F79EFBC}") = "RentAndBenefitApplication.PL", "RentAndBenefitApplication\RentAndBenefitApplication.PL.csproj", "{7EB13F47-090E-40B3-9369-C2E7A168EC0D}"
EndProject
Project("{FAE04EC0-301F-11D3-BF4B-00C04F79EFBC}") = "RentAndBenefitApplication.DAL", "RentAndBenefitApplication.DAL\RentAndBenefitApplication.DAL.csproj", "{8E61EBE4-78DB-4E82-889D-896181A606B4}"
EndProject
Project("{FAE04EC0-301F-11D3-BF4B-00C04F79EFBC}") = "RentAndBenefitApplication.BLL", "RentAndBenefitApplication.BLL\RentAndBenefitApplication.BLL.csproj", "{D34D4439-834A-4540-8DB9-316762DDDA1C}"
EndProject
Global
	GlobalSection(SolutionConfigurationPlatforms) = preSolution
		Debug|Any CPU = Debug|Any CPU
		Release|Any CPU = Release|Any CPU
	EndGlobalSection
	GlobalSection(ProjectConfigurationPlatforms) = postSolution
		{7EB13F47-090E-40B3-9369-C2E7A168EC0D}.Debug|Any CPU.ActiveCfg = Debug|Any CPU
		{7EB13F47-090E-40B3-9369-C2E7A168EC0D}.Debug|Any CPU.Build.0 = Debug|Any CPU
		{7EB13F47-090E-40B3-9369-C2E7A168EC0D}.Release|Any CPU.ActiveCfg = Release|Any CPU
		{7EB13F47-090E-40B3-9369-C2E7A168EC0D}.Release|Any CPU.Build.0 = Release|Any CPU
		{8E61EBE4-78DB-4E82-889D-896181A606B4}.Debug|Any CPU.ActiveCfg = Debug|Any CPU
		{8E61EBE4-78DB-4E82-889D-896181A606B4}.Debug|Any CPU.Build.0 = Debug|Any CPU
		{8E61EBE4-78DB-4E82-889D-896181A606B4}.Release|Any CPU.ActiveCfg = Release|Any CPU
		{8E61EBE4-78DB-4E82-889D-896181A606B4}.Release|Any CPU.Build.0 = Release|Any CPU
		{D34D4439-834A-4540-8DB9-316762DDDA1C}.Debug|Any CPU.ActiveCfg = Debug|Any CPU
		{D34D4439-834A-4540-8DB9-316762DDDA1C}.Debug|Any CPU.Build.0 = Debug|Any CPU
		{D34D4439-834A-4540-8DB9-316762DDDA1C}.Release|Any CPU.ActiveCfg = Release|Any CPU
		{D34D4439-834A-4540-8DB9-316762DDDA1C}.Release|Any CPU.Build.0 = Release|Any CPU
	EndGlobalSection
	GlobalSection(SolutionProperties) = preSolution
		HideSolutionNode = FALSE
	EndGlobalSection
	GlobalSection(ExtensibilityGlobals) = postSolution
		SolutionGuid = {8B7BCEB9-1752-4EDC-8E96-F26247AF3E80}
	EndGlobalSection
EndGlobal
